
Microsoft Visual Studio Solution File, Format Version 12.00
# Visual Studio Version 17
VisualStudioVersion = 17.11.35222.181
MinimumVisualStudioVersion = 10.0.40219.1
Project("{FAE04EC0-301F-11D3-BF4B-00C04F79EFBC}") = "LibraryManagementApplication", "LibraryManagementApplication.csproj", "{D0B60C2F-F6E8-44CF-BF1D-617855A68E72}"
EndProject
Global
	GlobalSection(SolutionConfigurationPlatforms) = preSolution
		Debug|Any CPU = Debug|Any CPU
		Release|Any CPU = Release|Any CPU
	EndGlobalSection
	GlobalSection(ProjectConfigurationPlatforms) = postSolution
		{D0B60C2F-F6E8-44CF-BF1D-617855A68E72}.Debug|Any CPU.ActiveCfg = Debug|Any CPU
		{D0B60C2F-F6E8-44CF-BF1D-617855A68E72}.Debug|Any CPU.Build.0 = Debug|Any CPU
		{D0B60C2F-F6E8-44CF-BF1D-617855A68E72}.Release|Any CPU.ActiveCfg = Release|Any CPU
		{D0B60C2F-F6E8-44CF-BF1D-617855A68E72}.Release|Any CPU.Build.0 = Release|Any CPU
	EndGlobalSection
	GlobalSection(SolutionProperties) = preSolution
		HideSolutionNode = FALSE
	EndGlobalSection
	GlobalSection(ExtensibilityGlobals) = postSolution
		SolutionGuid = {6B27B982-1762-4B4B-AA4F-61B6790D580F}
	EndGlobalSection
EndGlobal
